
Microsoft Visual Studio Solution File, Format Version 12.00
# Visual Studio Version 17
VisualStudioVersion = 17.12.35527.113 d17.12
MinimumVisualStudioVersion = 10.0.40219.1
Project("{FAE04EC0-301F-11D3-BF4B-00C04F79EFBC}") = "OOP3", "OOP3\OOP3.csproj", "{B56BB9AF-A9BF-4D94-832F-2D4AAB55C72E}"
EndProject
Global
	GlobalSection(SolutionConfigurationPlatforms) = preSolution
		Debug|Any CPU = Debug|Any CPU
		Release|Any CPU = Release|Any CPU
	EndGlobalSection
	GlobalSection(ProjectConfigurationPlatforms) = postSolution
		{B56BB9AF-A9BF-4D94-832F-2D4AAB55C72E}.Debug|Any CPU.ActiveCfg = Debug|Any CPU
		{B56BB9AF-A9BF-4D94-832F-2D4AAB55C72E}.Debug|Any CPU.Build.0 = Debug|Any CPU
		{B56BB9AF-A9BF-4D94-832F-2D4AAB55C72E}.Release|Any CPU.ActiveCfg = Release|Any CPU
		{B56BB9AF-A9BF-4D94-832F-2D4AAB55C72E}.Release|Any CPU.Build.0 = Release|Any CPU
	EndGlobalSection
	GlobalSection(SolutionProperties) = preSolution
		HideSolutionNode = FALSE
	EndGlobalSection
EndGlobal
